// !$*UTF8*$!
{
	archiveVersion = 1;
	classes = {
	};
	objectVersion = 46;
	objects = {

/* Begin PBXBuildFile section */
		9198B0171E5613A3009D8370 /* AppDelegate.swift in Sources */ = {isa = PBXBuildFile; fileRef = 9198B0161E5613A3009D8370 /* AppDelegate.swift */; };
		9198B0191E5613A3009D8370 /* ViewController.swift in Sources */ = {isa = PBXBuildFile; fileRef = 9198B0181E5613A3009D8370 /* ViewController.swift */; };
		9198B01C1E5613A3009D8370 /* Main.storyboard in Resources */ = {isa = PBXBuildFile; fileRef = 9198B01A1E5613A3009D8370 /* Main.storyboard */; };
		9198B01E1E5613A3009D8370 /* Assets.xcassets in Resources */ = {isa = PBXBuildFile; fileRef = 9198B01D1E5613A3009D8370 /* Assets.xcassets */; };
		9198B0211E5613A3009D8370 /* LaunchScreen.storyboard in Resources */ = {isa = PBXBuildFile; fileRef = 9198B01F1E5613A3009D8370 /* LaunchScreen.storyboard */; };
		9198B02C1E5613A3009D8370 /* _RA_EVA_PRACTICA_3Tests.swift in Sources */ = {isa = PBXBuildFile; fileRef = 9198B02B1E5613A3009D8370 /* _RA_EVA_PRACTICA_3Tests.swift */; };
		9198B0371E5613A3009D8370 /* _RA_EVA_PRACTICA_3UITests.swift in Sources */ = {isa = PBXBuildFile; fileRef = 9198B0361E5613A3009D8370 /* _RA_EVA_PRACTICA_3UITests.swift */; };
/* End PBXBuildFile section */

/* Begin PBXContainerItemProxy section */
		9198B0281E5613A3009D8370 /* PBXContainerItemProxy */ = {
			isa = PBXContainerItemProxy;
			containerPortal = 9198B00B1E5613A2009D8370 /* Project object */;
			proxyType = 1;
			remoteGlobalIDString = 9198B0121E5613A2009D8370;
			remoteInfo = 1RA_EVA_PRACTICA_3;
		};
		9198B0331E5613A3009D8370 /* PBXContainerItemProxy */ = {
			isa = PBXContainerItemProxy;
			containerPortal = 9198B00B1E5613A2009D8370 /* Project object */;
			proxyType = 1;
			remoteGlobalIDString = 9198B0121E5613A2009D8370;
			remoteInfo = 1RA_EVA_PRACTICA_3;
		};
/* End PBXContainerItemProxy section */

/* Begin PBXFileReference section */
		9198B0131E5613A2009D8370 /* 1RA_EVA_PRACTICA_3.app */ = {isa = PBXFileReference; explicitFileType = wrapper.application; includeInIndex = 0; path = 1RA_EVA_PRACTICA_3.app; sourceTree = BUILT_PRODUCTS_DIR; };
		9198B0161E5613A3009D8370 /* AppDelegate.swift */ = {isa = PBXFileReference; lastKnownFileType = sourcecode.swift; path = AppDelegate.swift; sourceTree = "<group>"; };
		9198B0181E5613A3009D8370 /* ViewController.swift */ = {isa = PBXFileReference; lastKnownFileType = sourcecode.swift; path = ViewController.swift; sourceTree = "<group>"; };
		9198B01B1E5613A3009D8370 /* Base */ = {isa = PBXFileReference; lastKnownFileType = file.storyboard; name = Base; path = Base.lproj/Main.storyboard; sourceTree = "<group>"; };
		9198B01D1E5613A3009D8370 /* Assets.xcassets */ = {isa = PBXFileReference; lastKnownFileType = folder.assetcatalog; path = Assets.xcassets; sourceTree = "<group>"; };
		9198B0201E5613A3009D8370 /* Base */ = {isa = PBXFileReference; lastKnownFileType = file.storyboard; name = Base; path = Base.lproj/LaunchScreen.storyboard; sourceTree = "<group>"; };
		9198B0221E5613A3009D8370 /* Info.plist */ = {isa = PBXFileReference; lastKnownFileType = text.plist.xml; path = Info.plist; sourceTree = "<group>"; };
		9198B0271E5613A3009D8370 /* 1RA_EVA_PRACTICA_3Tests.xctest */ = {isa = PBXFileReference; explicitFileType = wrapper.cfbundle; includeInIndex = 0; path = 1RA_EVA_PRACTICA_3Tests.xctest; sourceTree = BUILT_PRODUCTS_DIR; };
		9198B02B1E5613A3009D8370 /* _RA_EVA_PRACTICA_3Tests.swift */ = {isa = PBXFileReference; lastKnownFileType = sourcecode.swift; path = _RA_EVA_PRACTICA_3Tests.swift; sourceTree = "<group>"; };
		9198B02D1E5613A3009D8370 /* Info.plist */ = {isa = PBXFileReference; lastKnownFileType = text.plist.xml; path = Info.plist; sourceTree = "<group>"; };
		9198B0321E5613A3009D8370 /* 1RA_EVA_PRACTICA_3UITests.xctest */ = {isa = PBXFileReference; explicitFileType = wrapper.cfbundle; includeInIndex = 0; path = 1RA_EVA_PRACTICA_3UITests.xctest; sourceTree = BUILT_PRODUCTS_DIR; };
		9198B0361E5613A3009D8370 /* _RA_EVA_PRACTICA_3UITests.swift */ = {isa = PBXFileReference; lastKnownFileType = sourcecode.swift; path = _RA_EVA_PRACTICA_3UITests.swift; sourceTree = "<group>"; };
		9198B0381E5613A3009D8370 /* Info.plist */ = {isa = PBXFileReference; lastKnownFileType = text.plist.xml; path = Info.plist; sourceTree = "<group>"; };
/* End PBXFileReference section */

/* Begin PBXFrameworksBuildPhase section */
		9198B0101E5613A2009D8370 /* Frameworks */ = {
			isa = PBXFrameworksBuildPhase;
			buildActionMask = 2147483647;
			files = (
			);
			runOnlyForDeploymentPostprocessing = 0;
		};
		9198B0241E5613A3009D8370 /* Frameworks */ = {
			isa = PBXFrameworksBuildPhase;
			buildActionMask = 2147483647;
			files = (
			);
			runOnlyForDeploymentPostprocessing = 0;
		};
		9198B02F1E5613A3009D8370 /* Frameworks */ = {
			isa = PBXFrameworksBuildPhase;
			buildActionMask = 2147483647;
			files = (
			);
			runOnlyForDeploymentPostprocessing = 0;
		};
/* End PBXFrameworksBuildPhase section */

/* Begin PBXGroup section */
		9198B00A1E5613A2009D8370 = {
			isa = PBXGroup;
			children = (
				9198B0151E5613A2009D8370 /* 1RA_EVA_PRACTICA_3 */,
				9198B02A1E5613A3009D8370 /* 1RA_EVA_PRACTICA_3Tests */,
				9198B0351E5613A3009D8370 /* 1RA_EVA_PRACTICA_3UITests */,
				9198B0141E5613A2009D8370 /* Products */,
			);
			sourceTree = "<group>";
		};
		9198B0141E5613A2009D8370 /* Products */ = {
			isa = PBXGroup;
			children = (
				9198B0131E5613A2009D8370 /* 1RA_EVA_PRACTICA_3.app */,
				9198B0271E5613A3009D8370 /* 1RA_EVA_PRACTICA_3Tests.xctest */,
				9198B0321E5613A3009D8370 /* 1RA_EVA_PRACTICA_3UITests.xctest */,
			);
			name = Products;
			sourceTree = "<group>";
		};
		9198B0151E5613A2009D8370 /* 1RA_EVA_PRACTICA_3 */ = {
			isa = PBXGroup;
			children = (
				9198B0161E5613A3009D8370 /* AppDelegate.swift */,
				9198B0181E5613A3009D8370 /* ViewController.swift */,
				9198B01A1E5613A3009D8370 /* Main.storyboard */,
				9198B01D1E5613A3009D8370 /* Assets.xcassets */,
				9198B01F1E5613A3009D8370 /* LaunchScreen.storyboard */,
				9198B0221E5613A3009D8370 /* Info.plist */,
			);
			path = 1RA_EVA_PRACTICA_3;
			sourceTree = "<group>";
		};
		9198B02A1E5613A3009D8370 /* 1RA_EVA_PRACTICA_3Tests */ = {
			isa = PBXGroup;
			children = (
				9198B02B1E5613A3009D8370 /* _RA_EVA_PRACTICA_3Tests.swift */,
				9198B02D1E5613A3009D8370 /* Info.plist */,
			);
			path = 1RA_EVA_PRACTICA_3Tests;
			sourceTree = "<group>";
		};
		9198B0351E5613A3009D8370 /* 1RA_EVA_PRACTICA_3UITests */ = {
			isa = PBXGroup;
			children = (
				9198B0361E5613A3009D8370 /* _RA_EVA_PRACTICA_3UITests.swift */,
				9198B0381E5613A3009D8370 /* Info.plist */,
			);
			path = 1RA_EVA_PRACTICA_3UITests;
			sourceTree = "<group>";
		};
/* End PBXGroup section */

/* Begin PBXNativeTarget section */
		9198B0121E5613A2009D8370 /* 1RA_EVA_PRACTICA_3 */ = {
			isa = PBXNativeTarget;
			buildConfigurationList = 9198B03B1E5613A3009D8370 /* Build configuration list for PBXNativeTarget "1RA_EVA_PRACTICA_3" */;
			buildPhases = (
				9198B00F1E5613A2009D8370 /* Sources */,
				9198B0101E5613A2009D8370 /* Frameworks */,
				9198B0111E5613A2009D8370 /* Resources */,
			);
			buildRules = (
			);
			dependencies = (
			);
			name = 1RA_EVA_PRACTICA_3;
			productName = 1RA_EVA_PRACTICA_3;
			productReference = 9198B0131E5613A2009D8370 /* 1RA_EVA_PRACTICA_3.app */;
			productType = "com.apple.product-type.application";
		};
		9198B0261E5613A3009D8370 /* 1RA_EVA_PRACTICA_3Tests */ = {
			isa = PBXNativeTarget;
			buildConfigurationList = 9198B03E1E5613A3009D8370 /* Build configuration list for PBXNativeTarget "1RA_EVA_PRACTICA_3Tests" */;
			buildPhases = (
				9198B0231E5613A3009D8370 /* Sources */,
				9198B0241E5613A3009D8370 /* Frameworks */,
				9198B0251E5613A3009D8370 /* Resources */,
			);
			buildRules = (
			);
			dependencies = (
				9198B0291E5613A3009D8370 /* PBXTargetDependency */,
			);
			name = 1RA_EVA_PRACTICA_3Tests;
			productName = 1RA_EVA_PRACTICA_3Tests;
			productReference = 9198B0271E5613A3009D8370 /* 1RA_EVA_PRACTICA_3Tests.xctest */;
			productType = "com.apple.product-type.bundle.unit-test";
		};
		9198B0311E5613A3009D8370 /* 1RA_EVA_PRACTICA_3UITests */ = {
			isa = PBXNativeTarget;
			buildConfigurationList = 9198B0411E5613A3009D8370 /* Build configuration list for PBXNativeTarget "1RA_EVA_PRACTICA_3UITests" */;
			buildPhases = (
				9198B02E1E5613A3009D8370 /* Sources */,
				9198B02F1E5613A3009D8370 /* Frameworks */,
				9198B0301E5613A3009D8370 /* Resources */,
			);
			buildRules = (
			);
			dependencies = (
				9198B0341E5613A3009D8370 /* PBXTargetDependency */,
			);
			name = 1RA_EVA_PRACTICA_3UITests;
			productName = 1RA_EVA_PRACTICA_3UITests;
			productReference = 9198B0321E5613A3009D8370 /* 1RA_EVA_PRACTICA_3UITests.xctest */;
			productType = "com.apple.product-type.bundle.ui-testing";
		};
/* End PBXNativeTarget section */

/* Begin PBXProject section */
		9198B00B1E5613A2009D8370 /* Project object */ = {
			isa = PBXProject;
			attributes = {
				LastSwiftUpdateCheck = 0730;
				LastUpgradeCheck = 0730;
				ORGANIZATIONNAME = "LUIS FERNANDO";
				TargetAttributes = {
					9198B0121E5613A2009D8370 = {
						CreatedOnToolsVersion = 7.3.1;
					};
					9198B0261E5613A3009D8370 = {
						CreatedOnToolsVersion = 7.3.1;
						TestTargetID = 9198B0121E5613A2009D8370;
					};
					9198B0311E5613A3009D8370 = {
						CreatedOnToolsVersion = 7.3.1;
						TestTargetID = 9198B0121E5613A2009D8370;
					};
				};
			};
			buildConfigurationList = 9198B00E1E5613A2009D8370 /* Build configuration list for PBXProject "1RA_EVA_PRACTICA_3" */;
			compatibilityVersion = "Xcode 3.2";
			developmentRegion = English;
			hasScannedForEncodings = 0;
			knownRegions = (
				en,
				Base,
			);
			mainGroup = 9198B00A1E5613A2009D8370;
			productRefGroup = 9198B0141E5613A2009D8370 /* Products */;
			projectDirPath = "";
			projectRoot = "";
			targets = (
				9198B0121E5613A2009D8370 /* 1RA_EVA_PRACTICA_3 */,
				9198B0261E5613A3009D8370 /* 1RA_EVA_PRACTICA_3Tests */,
				9198B0311E5613A3009D8370 /* 1RA_EVA_PRACTICA_3UITests */,
			);
		};
/* End PBXProject section */

/* Begin PBXResourcesBuildPhase section */
		9198B0111E5613A2009D8370 /* Resources */ = {
			isa = PBXResourcesBuildPhase;
			buildActionMask = 2147483647;
			files = (
				9198B0211E5613A3009D8370 /* LaunchScreen.storyboard in Resources */,
				9198B01E1E5613A3009D8370 /* Assets.xcassets in Resources */,
				9198B01C1E5613A3009D8370 /* Main.storyboard in Resources */,
			);
			runOnlyForDeploymentPostprocessing = 0;
		};
		9198B0251E5613A3009D8370 /* Resources */ = {
			isa = PBXResourcesBuildPhase;
			buildActionMask = 2147483647;
			files = (
			);
			runOnlyForDeploymentPostprocessing = 0;
		};
		9198B0301E5613A3009D8370 /* Resources */ = {
			isa = PBXResourcesBuildPhase;
			buildActionMask = 2147483647;
			files = (
			);
			runOnlyForDeploymentPostprocessing = 0;
		};
/* End PBXResourcesBuildPhase section */

/* Begin PBXSourcesBuildPhase section */
		9198B00F1E5613A2009D8370 /* Sources */ = {
			isa = PBXSourcesBuildPhase;
			buildActionMask = 2147483647;
			files = (
				9198B0191E5613A3009D8370 /* ViewController.swift in Sources */,
				9198B0171E5613A3009D8370 /* AppDelegate.swift in Sources */,
			);
			runOnlyForDeploymentPostprocessing = 0;
		};
		9198B0231E5613A3009D8370 /* Sources */ = {
			isa = PBXSourcesBuildPhase;
			buildActionMask = 2147483647;
			files = (
				9198B02C1E5613A3009D8370 /* _RA_EVA_PRACTICA_3Tests.swift in Sources */,
			);
			runOnlyForDeploymentPostprocessing = 0;
		};
		9198B02E1E5613A3009D8370 /* Sources */ = {
			isa = PBXSourcesBuildPhase;
			buildActionMask = 2147483647;
			files = (
				9198B0371E5613A3009D8370 /* _RA_EVA_PRACTICA_3UITests.swift in Sources */,
			);
			runOnlyForDeploymentPostprocessing = 0;
		};
/* End PBXSourcesBuildPhase section */

/* Begin PBXTargetDependency section */
		9198B0291E5613A3009D8370 /* PBXTargetDependency */ = {
			isa = PBXTargetDependency;
			target = 9198B0121E5613A2009D8370 /* 1RA_EVA_PRACTICA_3 */;
			targetProxy = 9198B0281E5613A3009D8370 /* PBXContainerItemProxy */;
		};
		9198B0341E5613A3009D8370 /* PBXTargetDependency */ = {
			isa = PBXTargetDependency;
			target = 9198B0121E5613A2009D8370 /* 1RA_EVA_PRACTICA_3 */;
			targetProxy = 9198B0331E5613A3009D8370 /* PBXContainerItemProxy */;
		};
/* End PBXTargetDependency section */

/* Begin PBXVariantGroup section */
		9198B01A1E5613A3009D8370 /* Main.storyboard */ = {
			isa = PBXVariantGroup;
			children = (
				9198B01B1E5613A3009D8370 /* Base */,
			);
			name = Main.storyboard;
			sourceTree = "<group>";
		};
		9198B01F1E5613A3009D8370 /* LaunchScreen.storyboard */ = {
			isa = PBXVariantGroup;
			children = (
				9198B0201E5613A3009D8370 /* Base */,
			);
			name = LaunchScreen.storyboard;
			sourceTree = "<group>";
		};
/* End PBXVariantGroup section */

/* Begin XCBuildConfiguration section */
		9198B0391E5613A3009D8370 /* Debug */ = {
			isa = XCBuildConfiguration;
			buildSettings = {
				ALWAYS_SEARCH_USER_PATHS = NO;
				CLANG_ANALYZER_NONNULL = YES;
				CLANG_CXX_LANGUAGE_STANDARD = "gnu++0x";
				CLANG_CXX_LIBRARY = "libc++";
				CLANG_ENABLE_MODULES = YES;
				CLANG_ENABLE_OBJC_ARC = YES;
				CLANG_WARN_BOOL_CONVERSION = YES;
				CLANG_WARN_CONSTANT_CONVERSION = YES;
				CLANG_WARN_DIRECT_OBJC_ISA_USAGE = YES_ERROR;
				CLANG_WARN_EMPTY_BODY = YES;
				CLANG_WARN_ENUM_CONVERSION = YES;
				CLANG_WARN_INT_CONVERSION = YES;
				CLANG_WARN_OBJC_ROOT_CLASS = YES_ERROR;
				CLANG_WARN_UNREACHABLE_CODE = YES;
				CLANG_WARN__DUPLICATE_METHOD_MATCH = YES;
				"CODE_SIGN_IDENTITY[sdk=iphoneos*]" = "iPhone Developer";
				COPY_PHASE_STRIP = NO;
				DEBUG_INFORMATION_FORMAT = dwarf;
				ENABLE_STRICT_OBJC_MSGSEND = YES;
				ENABLE_TESTABILITY = YES;
				GCC_C_LANGUAGE_STANDARD = gnu99;
				GCC_DYNAMIC_NO_PIC = NO;
				GCC_NO_COMMON_BLOCKS = YES;
				GCC_OPTIMIZATION_LEVEL = 0;
				GCC_PREPROCESSOR_DEFINITIONS = (
					"DEBUG=1",
					"$(inherited)",
				);
				GCC_WARN_64_TO_32_BIT_CONVERSION = YES;
				GCC_WARN_ABOUT_RETURN_TYPE = YES_ERROR;
				GCC_WARN_UNDECLARED_SELECTOR = YES;
				GCC_WARN_UNINITIALIZED_AUTOS = YES_AGGRESSIVE;
				GCC_WARN_UNUSED_FUNCTION = YES;
				GCC_WARN_UNUSED_VARIABLE = YES;
				IPHONEOS_DEPLOYMENT_TARGET = 9.3;
				MTL_ENABLE_DEBUG_INFO = YES;
				ONLY_ACTIVE_ARCH = YES;
				SDKROOT = iphoneos;
				SWIFT_OPTIMIZATION_LEVEL = "-Onone";
				TARGETED_DEVICE_FAMILY = "1,2";
			};
			name = Debug;
		};
		9198B03A1E5613A3009D8370 /* Release */ = {
			isa = XCBuildConfiguration;
			buildSettings = {
				ALWAYS_SEARCH_USER_PATHS = NO;
				CLANG_ANALYZER_NONNULL = YES;
				CLANG_CXX_LANGUAGE_STANDARD = "gnu++0x";
				CLANG_CXX_LIBRARY = "libc++";
				CLANG_ENABLE_MODULES = YES;
				CLANG_ENABLE_OBJC_ARC = YES;
				CLANG_WARN_BOOL_CONVERSION = YES;
				CLANG_WARN_CONSTANT_CONVERSION = YES;
				CLANG_WARN_DIRECT_OBJC_ISA_USAGE = YES_ERROR;
				CLANG_WARN_EMPTY_BODY = YES;
				CLANG_WARN_ENUM_CONVERSION = YES;
				CLANG_WARN_INT_CONVERSION = YES;
				CLANG_WARN_OBJC_ROOT_CLASS = YES_ERROR;
				CLANG_WARN_UNREACHABLE_CODE = YES;
				CLANG_WARN__DUPLICATE_METHOD_MATCH = YES;
				"CODE_SIGN_IDENTITY[sdk=iphoneos*]" = "iPhone Developer";
				COPY_PHASE_STRIP = NO;
				DEBUG_INFORMATION_FORMAT = "dwarf-with-dsym";
				ENABLE_NS_ASSERTIONS = NO;
				ENABLE_STRICT_OBJC_MSGSEND = YES;
				GCC_C_LANGUAGE_STANDARD = gnu99;
				GCC_NO_COMMON_BLOCKS = YES;
				GCC_WARN_64_TO_32_BIT_CONVERSION = YES;
				GCC_WARN_ABOUT_RETURN_TYPE = YES_ERROR;
				GCC_WARN_UNDECLARED_SELECTOR = YES;
				GCC_WARN_UNINITIALIZED_AUTOS = YES_AGGRESSIVE;
				GCC_WARN_UNUSED_FUNCTION = YES;
				GCC_WARN_UNUSED_VARIABLE = YES;
				IPHONEOS_DEPLOYMENT_TARGET = 9.3;
				MTL_ENABLE_DEBUG_INFO = NO;
				SDKROOT = iphoneos;
				TARGETED_DEVICE_FAMILY = "1,2";
				VALIDATE_PRODUCT = YES;
			};
			name = Release;
		};
		9198B03C1E5613A3009D8370 /* Debug */ = {
			isa = XCBuildConfiguration;
			buildSettings = {
				ASSETCATALOG_COMPILER_APPICON_NAME = AppIcon;
				INFOPLIST_FILE = 1RA_EVA_PRACTICA_3/Info.plist;
				LD_RUNPATH_SEARCH_PATHS = "$(inherited) @executable_path/Frameworks";
				PRODUCT_BUNDLE_IDENTIFIER = "com.gallegos.luis.-RA-EVA-PRACTICA-3";
				PRODUCT_NAME = "$(TARGET_NAME)";
			};
			name = Debug;
		};
		9198B03D1E5613A3009D8370 /* Release */ = {
			isa = XCBuildConfiguration;
			buildSettings = {
				ASSETCATALOG_COMPILER_APPICON_NAME = AppIcon;
				INFOPLIST_FILE = 1RA_EVA_PRACTICA_3/Info.plist;
				LD_RUNPATH_SEARCH_PATHS = "$(inherited) @executable_path/Frameworks";
				PRODUCT_BUNDLE_IDENTIFIER = "com.gallegos.luis.-RA-EVA-PRACTICA-3";
				PRODUCT_NAME = "$(TARGET_NAME)";
			};
			name = Release;
		};
		9198B03F1E5613A3009D8370 /* Debug */ = {
			isa = XCBuildConfiguration;
			buildSettings = {
				BUNDLE_LOADER = "$(TEST_HOST)";
				INFOPLIST_FILE = 1RA_EVA_PRACTICA_3Tests/Info.plist;
				LD_RUNPATH_SEARCH_PATHS = "$(inherited) @executable_path/Frameworks @loader_path/Frameworks";
				PRODUCT_BUNDLE_IDENTIFIER = "com.gallegos.luis.-RA-EVA-PRACTICA-3Tests";
				PRODUCT_NAME = "$(TARGET_NAME)";
				TEST_HOST = "$(BUILT_PRODUCTS_DIR)/1RA_EVA_PRACTICA_3.app/1RA_EVA_PRACTICA_3";
			};
			name = Debug;
		};
		9198B0401E5613A3009D8370 /* Release */ = {
			isa = XCBuildConfiguration;
			buildSettings = {
				BUNDLE_LOADER = "$(TEST_HOST)";
				INFOPLIST_FILE = 1RA_EVA_PRACTICA_3Tests/Info.plist;
				LD_RUNPATH_SEARCH_PATHS = "$(inherited) @executable_path/Frameworks @loader_path/Frameworks";
				PRODUCT_BUNDLE_IDENTIFIER = "com.gallegos.luis.-RA-EVA-PRACTICA-3Tests";
				PRODUCT_NAME = "$(TARGET_NAME)";
				TEST_HOST = "$(BUILT_PRODUCTS_DIR)/1RA_EVA_PRACTICA_3.app/1RA_EVA_PRACTICA_3";
			};
			name = Release;
		};
		9198B0421E5613A3009D8370 /* Debug */ = {
			isa = XCBuildConfiguration;
			buildSettings = {
				INFOPLIST_FILE = 1RA_EVA_PRACTICA_3UITests/Info.plist;
				LD_RUNPATH_SEARCH_PATHS = "$(inherited) @executable_path/Frameworks @loader_path/Frameworks";
				PRODUCT_BUNDLE_IDENTIFIER = "com.gallegos.luis.-RA-EVA-PRACTICA-3UITests";
				PRODUCT_NAME = "$(TARGET_NAME)";
				TEST_TARGET_NAME = 1RA_EVA_PRACTICA_3;
			};
			name = Debug;
		};
		9198B0431E5613A3009D8370 /* Release */ = {
			isa = XCBuildConfiguration;
			buildSettings = {
				INFOPLIST_FILE = 1RA_EVA_PRACTICA_3UITests/Info.plist;
				LD_RUNPATH_SEARCH_PATHS = "$(inherited) @executable_path/Frameworks @loader_path/Frameworks";
				PRODUCT_BUNDLE_IDENTIFIER = "com.gallegos.luis.-RA-EVA-PRACTICA-3UITests";
				PRODUCT_NAME = "$(TARGET_NAME)";
				TEST_TARGET_NAME = 1RA_EVA_PRACTICA_3;
			};
			name = Release;
		};
/* End XCBuildConfiguration section */

/* Begin XCConfigurationList section */
		9198B00E1E5613A2009D8370 /* Build configuration list for PBXProject "1RA_EVA_PRACTICA_3" */ = {
			isa = XCConfigurationList;
			buildConfigurations = (
				9198B0391E5613A3009D8370 /* Debug */,
				9198B03A1E5613A3009D8370 /* Release */,
			);
			defaultConfigurationIsVisible = 0;
			defaultConfigurationName = Release;
		};
		9198B03B1E5613A3009D8370 /* Build configuration list for PBXNativeTarget "1RA_EVA_PRACTICA_3" */ = {
			isa = XCConfigurationList;
			buildConfigurations = (
				9198B03C1E5613A3009D8370 /* Debug */,
				9198B03D1E5613A3009D8370 /* Release */,
			);
			defaultConfigurationIsVisible = 0;
		};
		9198B03E1E5613A3009D8370 /* Build configuration list for PBXNativeTarget "1RA_EVA_PRACTICA_3Tests" */ = {
			isa = XCConfigurationList;
			buildConfigurations = (
				9198B03F1E5613A3009D8370 /* Debug */,
				9198B0401E5613A3009D8370 /* Release */,
			);
			defaultConfigurationIsVisible = 0;
		};
		9198B0411E5613A3009D8370 /* Build configuration list for PBXNativeTarget "1RA_EVA_PRACTICA_3UITests" */ = {
			isa = XCConfigurationList;
			buildConfigurations = (
				9198B0421E5613A3009D8370 /* Debug */,
				9198B0431E5613A3009D8370 /* Release */,
			);
			defaultConfigurationIsVisible = 0;
		};
/* End XCConfigurationList section */
	};
	rootObject = 9198B00B1E5613A2009D8370 /* Project object */;
}
